// !$*UTF8*$!
{
	archiveVersion = 1;
	classes = {
	};
	objectVersion = 51;
	objects = {

/* Begin PBXBuildFile section */
		10A7CA96F2B550891F5C8E6A /* Pods_ScoreSenderTests.framework in Frameworks */ = {isa = PBXBuildFile; fileRef = B0BF2E65B99EB2D5C60F152F /* Pods_ScoreSenderTests.framework */; };
		34F65BA264B31E86396EEC39 /* Pods_ScoreSender.framework in Frameworks */ = {isa = PBXBuildFile; fileRef = 73AA2C33AC91BCF2EA0D61AA /* Pods_ScoreSender.framework */; };
		425597AE243FEFFC001FD893 /* GoogleService-Info.plist in Resources */ = {isa = PBXBuildFile; fileRef = 425597AD243FEFFC001FD893 /* GoogleService-Info.plist */; };
		425597AF243FEFFC001FD893 /* GoogleService-Info.plist in Resources */ = {isa = PBXBuildFile; fileRef = 425597AD243FEFFC001FD893 /* GoogleService-Info.plist */; };
		425597B0243FEFFC001FD893 /* GoogleService-Info.plist in Resources */ = {isa = PBXBuildFile; fileRef = 425597AD243FEFFC001FD893 /* GoogleService-Info.plist */; };
		425597B2243FFCFD001FD893 /* Functions.swift in Sources */ = {isa = PBXBuildFile; fileRef = 425597B1243FFCFD001FD893 /* Functions.swift */; };
		425597B3243FFCFD001FD893 /* Functions.swift in Sources */ = {isa = PBXBuildFile; fileRef = 425597B1243FFCFD001FD893 /* Functions.swift */; };
		425597B4243FFCFD001FD893 /* Functions.swift in Sources */ = {isa = PBXBuildFile; fileRef = 425597B1243FFCFD001FD893 /* Functions.swift */; };
		425597B62440038F001FD893 /* User.swift in Sources */ = {isa = PBXBuildFile; fileRef = 425597B52440038F001FD893 /* User.swift */; };
		425597B82440045C001FD893 /* Session.swift in Sources */ = {isa = PBXBuildFile; fileRef = 425597B72440045C001FD893 /* Session.swift */; };
		425597B92440045C001FD893 /* Session.swift in Sources */ = {isa = PBXBuildFile; fileRef = 425597B72440045C001FD893 /* Session.swift */; };
		425597BA2440045C001FD893 /* Session.swift in Sources */ = {isa = PBXBuildFile; fileRef = 425597B72440045C001FD893 /* Session.swift */; };
		425597BC2440051A001FD893 /* Person.swift in Sources */ = {isa = PBXBuildFile; fileRef = 425597BB2440051A001FD893 /* Person.swift */; };
		425597BD2440051A001FD893 /* Person.swift in Sources */ = {isa = PBXBuildFile; fileRef = 425597BB2440051A001FD893 /* Person.swift */; };
		425597BE2440051A001FD893 /* Person.swift in Sources */ = {isa = PBXBuildFile; fileRef = 425597BB2440051A001FD893 /* Person.swift */; };
		425597C024400537001FD893 /* Game.swift in Sources */ = {isa = PBXBuildFile; fileRef = 425597BF24400537001FD893 /* Game.swift */; };
		425597C124400537001FD893 /* Game.swift in Sources */ = {isa = PBXBuildFile; fileRef = 425597BF24400537001FD893 /* Game.swift */; };
		425597C224400537001FD893 /* Game.swift in Sources */ = {isa = PBXBuildFile; fileRef = 425597BF24400537001FD893 /* Game.swift */; };
		4296E387243D71D60058B451 /* AppDelegate.swift in Sources */ = {isa = PBXBuildFile; fileRef = 4296E386243D71D60058B451 /* AppDelegate.swift */; };
		4296E389243D71D60058B451 /* SceneDelegate.swift in Sources */ = {isa = PBXBuildFile; fileRef = 4296E388243D71D60058B451 /* SceneDelegate.swift */; };
		4296E38B243D71D60058B451 /* ContentView.swift in Sources */ = {isa = PBXBuildFile; fileRef = 4296E38A243D71D60058B451 /* ContentView.swift */; };
		4296E38D243D71D70058B451 /* Assets.xcassets in Resources */ = {isa = PBXBuildFile; fileRef = 4296E38C243D71D70058B451 /* Assets.xcassets */; };
		4296E393243D71D70058B451 /* LaunchScreen.storyboard in Resources */ = {isa = PBXBuildFile; fileRef = 4296E391243D71D70058B451 /* LaunchScreen.storyboard */; };
		4296E39E243D71D70058B451 /* ScoreSenderTests.swift in Sources */ = {isa = PBXBuildFile; fileRef = 4296E39D243D71D70058B451 /* ScoreSenderTests.swift */; };
		4296E3A9243D71D70058B451 /* ScoreSenderUITests.swift in Sources */ = {isa = PBXBuildFile; fileRef = 4296E3A8243D71D70058B451 /* ScoreSenderUITests.swift */; };
		AE521A8EF66246BD79956862 /* Pods_ScoreSender_ScoreSenderUITests.framework in Frameworks */ = {isa = PBXBuildFile; fileRef = 2D6635DAED7CCAB7A59243A3 /* Pods_ScoreSender_ScoreSenderUITests.framework */; };
/* End PBXBuildFile section */

/* Begin PBXContainerItemProxy section */
		4296E39A243D71D70058B451 /* PBXContainerItemProxy */ = {
			isa = PBXContainerItemProxy;
			containerPortal = 4296E37B243D71D60058B451 /* Project object */;
			proxyType = 1;
			remoteGlobalIDString = 4296E382243D71D60058B451;
			remoteInfo = ScoreSender;
		};
		4296E3A5243D71D70058B451 /* PBXContainerItemProxy */ = {
			isa = PBXContainerItemProxy;
			containerPortal = 4296E37B243D71D60058B451 /* Project object */;
			proxyType = 1;
			remoteGlobalIDString = 4296E382243D71D60058B451;
			remoteInfo = ScoreSender;
		};
/* End PBXContainerItemProxy section */

/* Begin PBXFileReference section */
		2D6635DAED7CCAB7A59243A3 /* Pods_ScoreSender_ScoreSenderUITests.framework */ = {isa = PBXFileReference; explicitFileType = wrapper.framework; includeInIndex = 0; path = Pods_ScoreSender_ScoreSenderUITests.framework; sourceTree = BUILT_PRODUCTS_DIR; };
		425597AD243FEFFC001FD893 /* GoogleService-Info.plist */ = {isa = PBXFileReference; fileEncoding = 4; lastKnownFileType = text.plist.xml; name = "GoogleService-Info.plist"; path = "../../GoogleService-Info.plist"; sourceTree = "<group>"; };
		425597B1243FFCFD001FD893 /* Functions.swift */ = {isa = PBXFileReference; lastKnownFileType = sourcecode.swift; path = Functions.swift; sourceTree = "<group>"; };
		425597B52440038F001FD893 /* User.swift */ = {isa = PBXFileReference; lastKnownFileType = sourcecode.swift; path = User.swift; sourceTree = "<group>"; };
		425597B72440045C001FD893 /* Session.swift */ = {isa = PBXFileReference; lastKnownFileType = sourcecode.swift; path = Session.swift; sourceTree = "<group>"; };
		425597BB2440051A001FD893 /* Person.swift */ = {isa = PBXFileReference; lastKnownFileType = sourcecode.swift; path = Person.swift; sourceTree = "<group>"; };
		425597BF24400537001FD893 /* Game.swift */ = {isa = PBXFileReference; lastKnownFileType = sourcecode.swift; path = Game.swift; sourceTree = "<group>"; };
		4296E383243D71D60058B451 /* ScoreSender.app */ = {isa = PBXFileReference; explicitFileType = wrapper.application; includeInIndex = 0; path = ScoreSender.app; sourceTree = BUILT_PRODUCTS_DIR; };
		4296E386243D71D60058B451 /* AppDelegate.swift */ = {isa = PBXFileReference; lastKnownFileType = sourcecode.swift; path = AppDelegate.swift; sourceTree = "<group>"; };
		4296E388243D71D60058B451 /* SceneDelegate.swift */ = {isa = PBXFileReference; lastKnownFileType = sourcecode.swift; path = SceneDelegate.swift; sourceTree = "<group>"; };
		4296E38A243D71D60058B451 /* ContentView.swift */ = {isa = PBXFileReference; lastKnownFileType = sourcecode.swift; path = ContentView.swift; sourceTree = "<group>"; };
		4296E38C243D71D70058B451 /* Assets.xcassets */ = {isa = PBXFileReference; lastKnownFileType = folder.assetcatalog; path = Assets.xcassets; sourceTree = "<group>"; };
		4296E392243D71D70058B451 /* Base */ = {isa = PBXFileReference; lastKnownFileType = file.storyboard; name = Base; path = Base.lproj/LaunchScreen.storyboard; sourceTree = "<group>"; };
		4296E394243D71D70058B451 /* Info.plist */ = {isa = PBXFileReference; lastKnownFileType = text.plist.xml; path = Info.plist; sourceTree = "<group>"; };
		4296E399243D71D70058B451 /* ScoreSenderTests.xctest */ = {isa = PBXFileReference; explicitFileType = wrapper.cfbundle; includeInIndex = 0; path = ScoreSenderTests.xctest; sourceTree = BUILT_PRODUCTS_DIR; };
		4296E39D243D71D70058B451 /* ScoreSenderTests.swift */ = {isa = PBXFileReference; lastKnownFileType = sourcecode.swift; path = ScoreSenderTests.swift; sourceTree = "<group>"; };
		4296E39F243D71D70058B451 /* Info.plist */ = {isa = PBXFileReference; lastKnownFileType = text.plist.xml; path = Info.plist; sourceTree = "<group>"; };
		4296E3A4243D71D70058B451 /* ScoreSenderUITests.xctest */ = {isa = PBXFileReference; explicitFileType = wrapper.cfbundle; includeInIndex = 0; path = ScoreSenderUITests.xctest; sourceTree = BUILT_PRODUCTS_DIR; };
		4296E3A8243D71D70058B451 /* ScoreSenderUITests.swift */ = {isa = PBXFileReference; lastKnownFileType = sourcecode.swift; path = ScoreSenderUITests.swift; sourceTree = "<group>"; };
		4296E3AA243D71D70058B451 /* Info.plist */ = {isa = PBXFileReference; lastKnownFileType = text.plist.xml; path = Info.plist; sourceTree = "<group>"; };
		73AA2C33AC91BCF2EA0D61AA /* Pods_ScoreSender.framework */ = {isa = PBXFileReference; explicitFileType = wrapper.framework; includeInIndex = 0; path = Pods_ScoreSender.framework; sourceTree = BUILT_PRODUCTS_DIR; };
		74E1A7B0CE971596BBC2DFF2 /* Pods-ScoreSenderTests.debug.xcconfig */ = {isa = PBXFileReference; includeInIndex = 1; lastKnownFileType = text.xcconfig; name = "Pods-ScoreSenderTests.debug.xcconfig"; path = "Target Support Files/Pods-ScoreSenderTests/Pods-ScoreSenderTests.debug.xcconfig"; sourceTree = "<group>"; };
		A4A2919C131512D969D00D98 /* Pods-ScoreSender-ScoreSenderUITests.release.xcconfig */ = {isa = PBXFileReference; includeInIndex = 1; lastKnownFileType = text.xcconfig; name = "Pods-ScoreSender-ScoreSenderUITests.release.xcconfig"; path = "Target Support Files/Pods-ScoreSender-ScoreSenderUITests/Pods-ScoreSender-ScoreSenderUITests.release.xcconfig"; sourceTree = "<group>"; };
		A4C39306D01989FB33AF7285 /* Pods-ScoreSender.debug.xcconfig */ = {isa = PBXFileReference; includeInIndex = 1; lastKnownFileType = text.xcconfig; name = "Pods-ScoreSender.debug.xcconfig"; path = "Target Support Files/Pods-ScoreSender/Pods-ScoreSender.debug.xcconfig"; sourceTree = "<group>"; };
		B0BF2E65B99EB2D5C60F152F /* Pods_ScoreSenderTests.framework */ = {isa = PBXFileReference; explicitFileType = wrapper.framework; includeInIndex = 0; path = Pods_ScoreSenderTests.framework; sourceTree = BUILT_PRODUCTS_DIR; };
		BEB92339C7148CB5064ECB47 /* Pods-ScoreSenderTests.release.xcconfig */ = {isa = PBXFileReference; includeInIndex = 1; lastKnownFileType = text.xcconfig; name = "Pods-ScoreSenderTests.release.xcconfig"; path = "Target Support Files/Pods-ScoreSenderTests/Pods-ScoreSenderTests.release.xcconfig"; sourceTree = "<group>"; };
		C63F8549584533C32D16162E /* Pods-ScoreSender-ScoreSenderUITests.debug.xcconfig */ = {isa = PBXFileReference; includeInIndex = 1; lastKnownFileType = text.xcconfig; name = "Pods-ScoreSender-ScoreSenderUITests.debug.xcconfig"; path = "Target Support Files/Pods-ScoreSender-ScoreSenderUITests/Pods-ScoreSender-ScoreSenderUITests.debug.xcconfig"; sourceTree = "<group>"; };
		E78F2E1B415C3362FBF42C8C /* Pods-ScoreSender.release.xcconfig */ = {isa = PBXFileReference; includeInIndex = 1; lastKnownFileType = text.xcconfig; name = "Pods-ScoreSender.release.xcconfig"; path = "Target Support Files/Pods-ScoreSender/Pods-ScoreSender.release.xcconfig"; sourceTree = "<group>"; };
/* End PBXFileReference section */

/* Begin PBXFrameworksBuildPhase section */
		4296E380243D71D60058B451 /* Frameworks */ = {
			isa = PBXFrameworksBuildPhase;
			buildActionMask = 2147483647;
			files = (
				34F65BA264B31E86396EEC39 /* Pods_ScoreSender.framework in Frameworks */,
			);
			runOnlyForDeploymentPostprocessing = 0;
		};
		4296E396243D71D70058B451 /* Frameworks */ = {
			isa = PBXFrameworksBuildPhase;
			buildActionMask = 2147483647;
			files = (
				10A7CA96F2B550891F5C8E6A /* Pods_ScoreSenderTests.framework in Frameworks */,
			);
			runOnlyForDeploymentPostprocessing = 0;
		};
		4296E3A1243D71D70058B451 /* Frameworks */ = {
			isa = PBXFrameworksBuildPhase;
			buildActionMask = 2147483647;
			files = (
				AE521A8EF66246BD79956862 /* Pods_ScoreSender_ScoreSenderUITests.framework in Frameworks */,
			);
			runOnlyForDeploymentPostprocessing = 0;
		};
/* End PBXFrameworksBuildPhase section */

/* Begin PBXGroup section */
		4296E37A243D71D60058B451 = {
			isa = PBXGroup;
			children = (
				4296E385243D71D60058B451 /* ScoreSender */,
				4296E39C243D71D70058B451 /* ScoreSenderTests */,
				4296E3A7243D71D70058B451 /* ScoreSenderUITests */,
				4296E384243D71D60058B451 /* Products */,
				FEC45759FC88500333E05DAE /* Pods */,
				C94DEBBE239182DEBB0036CE /* Frameworks */,
			);
			sourceTree = "<group>";
		};
		4296E384243D71D60058B451 /* Products */ = {
			isa = PBXGroup;
			children = (
				4296E383243D71D60058B451 /* ScoreSender.app */,
				4296E399243D71D70058B451 /* ScoreSenderTests.xctest */,
				4296E3A4243D71D70058B451 /* ScoreSenderUITests.xctest */,
			);
			name = Products;
			sourceTree = "<group>";
		};
		4296E385243D71D60058B451 /* ScoreSender */ = {
			isa = PBXGroup;
			children = (
				4296E386243D71D60058B451 /* AppDelegate.swift */,
				4296E388243D71D60058B451 /* SceneDelegate.swift */,
				425597B52440038F001FD893 /* User.swift */,
				4296E38A243D71D60058B451 /* ContentView.swift */,
				425597B72440045C001FD893 /* Session.swift */,
				425597B1243FFCFD001FD893 /* Functions.swift */,
				425597BB2440051A001FD893 /* Person.swift */,
				425597BF24400537001FD893 /* Game.swift */,
				4296E38C243D71D70058B451 /* Assets.xcassets */,
				4296E391243D71D70058B451 /* LaunchScreen.storyboard */,
				4296E394243D71D70058B451 /* Info.plist */,
				425597AD243FEFFC001FD893 /* GoogleService-Info.plist */,
			);
			path = ScoreSender;
			sourceTree = "<group>";
		};
		4296E39C243D71D70058B451 /* ScoreSenderTests */ = {
			isa = PBXGroup;
			children = (
				4296E39D243D71D70058B451 /* ScoreSenderTests.swift */,
				4296E39F243D71D70058B451 /* Info.plist */,
			);
			path = ScoreSenderTests;
			sourceTree = "<group>";
		};
		4296E3A7243D71D70058B451 /* ScoreSenderUITests */ = {
			isa = PBXGroup;
			children = (
				4296E3A8243D71D70058B451 /* ScoreSenderUITests.swift */,
				4296E3AA243D71D70058B451 /* Info.plist */,
			);
			path = ScoreSenderUITests;
			sourceTree = "<group>";
		};
		C94DEBBE239182DEBB0036CE /* Frameworks */ = {
			isa = PBXGroup;
			children = (
				73AA2C33AC91BCF2EA0D61AA /* Pods_ScoreSender.framework */,
				2D6635DAED7CCAB7A59243A3 /* Pods_ScoreSender_ScoreSenderUITests.framework */,
				B0BF2E65B99EB2D5C60F152F /* Pods_ScoreSenderTests.framework */,
			);
			name = Frameworks;
			sourceTree = "<group>";
		};
		FEC45759FC88500333E05DAE /* Pods */ = {
			isa = PBXGroup;
			children = (
				A4C39306D01989FB33AF7285 /* Pods-ScoreSender.debug.xcconfig */,
				E78F2E1B415C3362FBF42C8C /* Pods-ScoreSender.release.xcconfig */,
				C63F8549584533C32D16162E /* Pods-ScoreSender-ScoreSenderUITests.debug.xcconfig */,
				A4A2919C131512D969D00D98 /* Pods-ScoreSender-ScoreSenderUITests.release.xcconfig */,
				74E1A7B0CE971596BBC2DFF2 /* Pods-ScoreSenderTests.debug.xcconfig */,
				BEB92339C7148CB5064ECB47 /* Pods-ScoreSenderTests.release.xcconfig */,
			);
			path = Pods;
			sourceTree = "<group>";
		};
/* End PBXGroup section */

/* Begin PBXNativeTarget section */
		4296E382243D71D60058B451 /* ScoreSender */ = {
			isa = PBXNativeTarget;
			buildConfigurationList = 4296E3AD243D71D70058B451 /* Build configuration list for PBXNativeTarget "ScoreSender" */;
			buildPhases = (
				0687C8EA7FE695676725558F /* [CP] Check Pods Manifest.lock */,
				4296E37F243D71D60058B451 /* Sources */,
				4296E380243D71D60058B451 /* Frameworks */,
				4296E381243D71D60058B451 /* Resources */,
				0FCE87AE013FFE5938E6D665 /* [CP] Embed Pods Frameworks */,
			);
			buildRules = (
			);
			dependencies = (
			);
			name = ScoreSender;
			productName = ScoreSender;
			productReference = 4296E383243D71D60058B451 /* ScoreSender.app */;
			productType = "com.apple.product-type.application";
		};
		4296E398243D71D70058B451 /* ScoreSenderTests */ = {
			isa = PBXNativeTarget;
			buildConfigurationList = 4296E3B0243D71D70058B451 /* Build configuration list for PBXNativeTarget "ScoreSenderTests" */;
			buildPhases = (
				03F02E193B468067FB735F67 /* [CP] Check Pods Manifest.lock */,
				4296E395243D71D70058B451 /* Sources */,
				4296E396243D71D70058B451 /* Frameworks */,
				4296E397243D71D70058B451 /* Resources */,
			);
			buildRules = (
			);
			dependencies = (
				4296E39B243D71D70058B451 /* PBXTargetDependency */,
			);
			name = ScoreSenderTests;
			productName = ScoreSenderTests;
			productReference = 4296E399243D71D70058B451 /* ScoreSenderTests.xctest */;
			productType = "com.apple.product-type.bundle.unit-test";
		};
		4296E3A3243D71D70058B451 /* ScoreSenderUITests */ = {
			isa = PBXNativeTarget;
			buildConfigurationList = 4296E3B3243D71D70058B451 /* Build configuration list for PBXNativeTarget "ScoreSenderUITests" */;
			buildPhases = (
				4084E1B750EE81DFF284DBF7 /* [CP] Check Pods Manifest.lock */,
				4296E3A0243D71D70058B451 /* Sources */,
				4296E3A1243D71D70058B451 /* Frameworks */,
				4296E3A2243D71D70058B451 /* Resources */,
				C5669A8922B09640CD7229D8 /* [CP] Embed Pods Frameworks */,
			);
			buildRules = (
			);
			dependencies = (
				4296E3A6243D71D70058B451 /* PBXTargetDependency */,
			);
			name = ScoreSenderUITests;
			productName = ScoreSenderUITests;
			productReference = 4296E3A4243D71D70058B451 /* ScoreSenderUITests.xctest */;
			productType = "com.apple.product-type.bundle.ui-testing";
		};
/* End PBXNativeTarget section */

/* Begin PBXProject section */
		4296E37B243D71D60058B451 /* Project object */ = {
			isa = PBXProject;
			attributes = {
				LastSwiftUpdateCheck = 1130;
				LastUpgradeCheck = 1130;
				ORGANIZATIONNAME = "Brice Redmond";
				TargetAttributes = {
					4296E382243D71D60058B451 = {
						CreatedOnToolsVersion = 11.3;
					};
					4296E398243D71D70058B451 = {
						CreatedOnToolsVersion = 11.3;
						TestTargetID = 4296E382243D71D60058B451;
					};
					4296E3A3243D71D70058B451 = {
						CreatedOnToolsVersion = 11.3;
						TestTargetID = 4296E382243D71D60058B451;
					};
				};
			};
			buildConfigurationList = 4296E37E243D71D60058B451 /* Build configuration list for PBXProject "ScoreSender" */;
			compatibilityVersion = "Xcode 9.3";
			developmentRegion = en;
			hasScannedForEncodings = 0;
			knownRegions = (
				en,
				Base,
			);
			mainGroup = 4296E37A243D71D60058B451;
			productRefGroup = 4296E384243D71D60058B451 /* Products */;
			projectDirPath = "";
			projectRoot = "";
			targets = (
				4296E382243D71D60058B451 /* ScoreSender */,
				4296E398243D71D70058B451 /* ScoreSenderTests */,
				4296E3A3243D71D70058B451 /* ScoreSenderUITests */,
			);
		};
/* End PBXProject section */

/* Begin PBXResourcesBuildPhase section */
		4296E381243D71D60058B451 /* Resources */ = {
			isa = PBXResourcesBuildPhase;
			buildActionMask = 2147483647;
			files = (
				4296E393243D71D70058B451 /* LaunchScreen.storyboard in Resources */,
				4296E38D243D71D70058B451 /* Assets.xcassets in Resources */,
				425597AE243FEFFC001FD893 /* GoogleService-Info.plist in Resources */,
			);
			runOnlyForDeploymentPostprocessing = 0;
		};
		4296E397243D71D70058B451 /* Resources */ = {
			isa = PBXResourcesBuildPhase;
			buildActionMask = 2147483647;
			files = (
				425597AF243FEFFC001FD893 /* GoogleService-Info.plist in Resources */,
			);
			runOnlyForDeploymentPostprocessing = 0;
		};
		4296E3A2243D71D70058B451 /* Resources */ = {
			isa = PBXResourcesBuildPhase;
			buildActionMask = 2147483647;
			files = (
				425597B0243FEFFC001FD893 /* GoogleService-Info.plist in Resources */,
			);
			runOnlyForDeploymentPostprocessing = 0;
		};
/* End PBXResourcesBuildPhase section */

/* Begin PBXShellScriptBuildPhase section */
		03F02E193B468067FB735F67 /* [CP] Check Pods Manifest.lock */ = {
			isa = PBXShellScriptBuildPhase;
			buildActionMask = 2147483647;
			files = (
			);
			inputFileListPaths = (
			);
			inputPaths = (
				"${PODS_PODFILE_DIR_PATH}/Podfile.lock",
				"${PODS_ROOT}/Manifest.lock",
			);
			name = "[CP] Check Pods Manifest.lock";
			outputFileListPaths = (
			);
			outputPaths = (
				"$(DERIVED_FILE_DIR)/Pods-ScoreSenderTests-checkManifestLockResult.txt",
			);
			runOnlyForDeploymentPostprocessing = 0;
			shellPath = /bin/sh;
			shellScript = "diff \"${PODS_PODFILE_DIR_PATH}/Podfile.lock\" \"${PODS_ROOT}/Manifest.lock\" > /dev/null\nif [ $? != 0 ] ; then\n    # print error to STDERR\n    echo \"error: The sandbox is not in sync with the Podfile.lock. Run 'pod install' or update your CocoaPods installation.\" >&2\n    exit 1\nfi\n# This output is used by Xcode 'outputs' to avoid re-running this script phase.\necho \"SUCCESS\" > \"${SCRIPT_OUTPUT_FILE_0}\"\n";
			showEnvVarsInLog = 0;
		};
		0687C8EA7FE695676725558F /* [CP] Check Pods Manifest.lock */ = {
			isa = PBXShellScriptBuildPhase;
			buildActionMask = 2147483647;
			files = (
			);
			inputFileListPaths = (
			);
			inputPaths = (
				"${PODS_PODFILE_DIR_PATH}/Podfile.lock",
				"${PODS_ROOT}/Manifest.lock",
			);
			name = "[CP] Check Pods Manifest.lock";
			outputFileListPaths = (
			);
			outputPaths = (
				"$(DERIVED_FILE_DIR)/Pods-ScoreSender-checkManifestLockResult.txt",
			);
			runOnlyForDeploymentPostprocessing = 0;
			shellPath = /bin/sh;
			shellScript = "diff \"${PODS_PODFILE_DIR_PATH}/Podfile.lock\" \"${PODS_ROOT}/Manifest.lock\" > /dev/null\nif [ $? != 0 ] ; then\n    # print error to STDERR\n    echo \"error: The sandbox is not in sync with the Podfile.lock. Run 'pod install' or update your CocoaPods installation.\" >&2\n    exit 1\nfi\n# This output is used by Xcode 'outputs' to avoid re-running this script phase.\necho \"SUCCESS\" > \"${SCRIPT_OUTPUT_FILE_0}\"\n";
			showEnvVarsInLog = 0;
		};
		0FCE87AE013FFE5938E6D665 /* [CP] Embed Pods Frameworks */ = {
			isa = PBXShellScriptBuildPhase;
			buildActionMask = 2147483647;
			files = (
			);
			inputFileListPaths = (
				"${PODS_ROOT}/Target Support Files/Pods-ScoreSender/Pods-ScoreSender-frameworks-${CONFIGURATION}-input-files.xcfilelist",
			);
			name = "[CP] Embed Pods Frameworks";
			outputFileListPaths = (
				"${PODS_ROOT}/Target Support Files/Pods-ScoreSender/Pods-ScoreSender-frameworks-${CONFIGURATION}-output-files.xcfilelist",
			);
			runOnlyForDeploymentPostprocessing = 0;
			shellPath = /bin/sh;
			shellScript = "\"${PODS_ROOT}/Target Support Files/Pods-ScoreSender/Pods-ScoreSender-frameworks.sh\"\n";
			showEnvVarsInLog = 0;
		};
		4084E1B750EE81DFF284DBF7 /* [CP] Check Pods Manifest.lock */ = {
			isa = PBXShellScriptBuildPhase;
			buildActionMask = 2147483647;
			files = (
			);
			inputFileListPaths = (
			);
			inputPaths = (
				"${PODS_PODFILE_DIR_PATH}/Podfile.lock",
				"${PODS_ROOT}/Manifest.lock",
			);
			name = "[CP] Check Pods Manifest.lock";
			outputFileListPaths = (
			);
			outputPaths = (
				"$(DERIVED_FILE_DIR)/Pods-ScoreSender-ScoreSenderUITests-checkManifestLockResult.txt",
			);
			runOnlyForDeploymentPostprocessing = 0;
			shellPath = /bin/sh;
			shellScript = "diff \"${PODS_PODFILE_DIR_PATH}/Podfile.lock\" \"${PODS_ROOT}/Manifest.lock\" > /dev/null\nif [ $? != 0 ] ; then\n    # print error to STDERR\n    echo \"error: The sandbox is not in sync with the Podfile.lock. Run 'pod install' or update your CocoaPods installation.\" >&2\n    exit 1\nfi\n# This output is used by Xcode 'outputs' to avoid re-running this script phase.\necho \"SUCCESS\" > \"${SCRIPT_OUTPUT_FILE_0}\"\n";
			showEnvVarsInLog = 0;
		};
		C5669A8922B09640CD7229D8 /* [CP] Embed Pods Frameworks */ = {
			isa = PBXShellScriptBuildPhase;
			buildActionMask = 2147483647;
			files = (
			);
			inputFileListPaths = (
				"${PODS_ROOT}/Target Support Files/Pods-ScoreSender-ScoreSenderUITests/Pods-ScoreSender-ScoreSenderUITests-frameworks-${CONFIGURATION}-input-files.xcfilelist",
			);
			name = "[CP] Embed Pods Frameworks";
			outputFileListPaths = (
				"${PODS_ROOT}/Target Support Files/Pods-ScoreSender-ScoreSenderUITests/Pods-ScoreSender-ScoreSenderUITests-frameworks-${CONFIGURATION}-output-files.xcfilelist",
			);
			runOnlyForDeploymentPostprocessing = 0;
			shellPath = /bin/sh;
			shellScript = "\"${PODS_ROOT}/Target Support Files/Pods-ScoreSender-ScoreSenderUITests/Pods-ScoreSender-ScoreSenderUITests-frameworks.sh\"\n";
			showEnvVarsInLog = 0;
		};
/* End PBXShellScriptBuildPhase section */

/* Begin PBXSourcesBuildPhase section */
		4296E37F243D71D60058B451 /* Sources */ = {
			isa = PBXSourcesBuildPhase;
			buildActionMask = 2147483647;
			files = (
				4296E387243D71D60058B451 /* AppDelegate.swift in Sources */,
				4296E389243D71D60058B451 /* SceneDelegate.swift in Sources */,
				425597B82440045C001FD893 /* Session.swift in Sources */,
				4296E38B243D71D60058B451 /* ContentView.swift in Sources */,
				425597BC2440051A001FD893 /* Person.swift in Sources */,
				425597B62440038F001FD893 /* User.swift in Sources */,
				425597B2243FFCFD001FD893 /* Functions.swift in Sources */,
				425597C024400537001FD893 /* Game.swift in Sources */,
			);
			runOnlyForDeploymentPostprocessing = 0;
		};
		4296E395243D71D70058B451 /* Sources */ = {
			isa = PBXSourcesBuildPhase;
			buildActionMask = 2147483647;
			files = (
				4296E39E243D71D70058B451 /* ScoreSenderTests.swift in Sources */,
				425597C124400537001FD893 /* Game.swift in Sources */,
				425597B3243FFCFD001FD893 /* Functions.swift in Sources */,
				425597BD2440051A001FD893 /* Person.swift in Sources */,
				425597B92440045C001FD893 /* Session.swift in Sources */,
			);
			runOnlyForDeploymentPostprocessing = 0;
		};
		4296E3A0243D71D70058B451 /* Sources */ = {
			isa = PBXSourcesBuildPhase;
			buildActionMask = 2147483647;
			files = (
				4296E3A9243D71D70058B451 /* ScoreSenderUITests.swift in Sources */,
				425597C224400537001FD893 /* Game.swift in Sources */,
				425597B4243FFCFD001FD893 /* Functions.swift in Sources */,
				425597BE2440051A001FD893 /* Person.swift in Sources */,
				425597BA2440045C001FD893 /* Session.swift in Sources */,
			);
			runOnlyForDeploymentPostprocessing = 0;
		};
/* End PBXSourcesBuildPhase section */

/* Begin PBXTargetDependency section */
		4296E39B243D71D70058B451 /* PBXTargetDependency */ = {
			isa = PBXTargetDependency;
			target = 4296E382243D71D60058B451 /* ScoreSender */;
			targetProxy = 4296E39A243D71D70058B451 /* PBXContainerItemProxy */;
		};
		4296E3A6243D71D70058B451 /* PBXTargetDependency */ = {
			isa = PBXTargetDependency;
			target = 4296E382243D71D60058B451 /* ScoreSender */;
			targetProxy = 4296E3A5243D71D70058B451 /* PBXContainerItemProxy */;
		};
/* End PBXTargetDependency section */

/* Begin PBXVariantGroup section */
		4296E391243D71D70058B451 /* LaunchScreen.storyboard */ = {
			isa = PBXVariantGroup;
			children = (
				4296E392243D71D70058B451 /* Base */,
			);
			name = LaunchScreen.storyboard;
			sourceTree = "<group>";
		};
/* End PBXVariantGroup section */

/* Begin XCBuildConfiguration section */
		4296E3AB243D71D70058B451 /* Debug */ = {
			isa = XCBuildConfiguration;
			buildSettings = {
				ALWAYS_SEARCH_USER_PATHS = NO;
				CLANG_ANALYZER_NONNULL = YES;
				CLANG_ANALYZER_NUMBER_OBJECT_CONVERSION = YES_AGGRESSIVE;
				CLANG_CXX_LANGUAGE_STANDARD = "gnu++14";
				CLANG_CXX_LIBRARY = "libc++";
				CLANG_ENABLE_MODULES = YES;
				CLANG_ENABLE_OBJC_ARC = YES;
				CLANG_ENABLE_OBJC_WEAK = YES;
				CLANG_WARN_BLOCK_CAPTURE_AUTORELEASING = YES;
				CLANG_WARN_BOOL_CONVERSION = YES;
				CLANG_WARN_COMMA = YES;
				CLANG_WARN_CONSTANT_CONVERSION = YES;
				CLANG_WARN_DEPRECATED_OBJC_IMPLEMENTATIONS = YES;
				CLANG_WARN_DIRECT_OBJC_ISA_USAGE = YES_ERROR;
				CLANG_WARN_DOCUMENTATION_COMMENTS = YES;
				CLANG_WARN_EMPTY_BODY = YES;
				CLANG_WARN_ENUM_CONVERSION = YES;
				CLANG_WARN_INFINITE_RECURSION = YES;
				CLANG_WARN_INT_CONVERSION = YES;
				CLANG_WARN_NON_LITERAL_NULL_CONVERSION = YES;
				CLANG_WARN_OBJC_IMPLICIT_RETAIN_SELF = YES;
				CLANG_WARN_OBJC_LITERAL_CONVERSION = YES;
				CLANG_WARN_OBJC_ROOT_CLASS = YES_ERROR;
				CLANG_WARN_RANGE_LOOP_ANALYSIS = YES;
				CLANG_WARN_STRICT_PROTOTYPES = YES;
				CLANG_WARN_SUSPICIOUS_MOVE = YES;
				CLANG_WARN_UNGUARDED_AVAILABILITY = YES_AGGRESSIVE;
				CLANG_WARN_UNREACHABLE_CODE = YES;
				CLANG_WARN__DUPLICATE_METHOD_MATCH = YES;
				COPY_PHASE_STRIP = NO;
				DEBUG_INFORMATION_FORMAT = dwarf;
				ENABLE_STRICT_OBJC_MSGSEND = YES;
				ENABLE_TESTABILITY = YES;
				GCC_C_LANGUAGE_STANDARD = gnu11;
				GCC_DYNAMIC_NO_PIC = NO;
				GCC_NO_COMMON_BLOCKS = YES;
				GCC_OPTIMIZATION_LEVEL = 0;
				GCC_PREPROCESSOR_DEFINITIONS = (
					"DEBUG=1",
					"$(inherited)",
				);
				GCC_WARN_64_TO_32_BIT_CONVERSION = YES;
				GCC_WARN_ABOUT_RETURN_TYPE = YES_ERROR;
				GCC_WARN_UNDECLARED_SELECTOR = YES;
				GCC_WARN_UNINITIALIZED_AUTOS = YES_AGGRESSIVE;
				GCC_WARN_UNUSED_FUNCTION = YES;
				GCC_WARN_UNUSED_VARIABLE = YES;
				IPHONEOS_DEPLOYMENT_TARGET = 13.2;
				MTL_ENABLE_DEBUG_INFO = INCLUDE_SOURCE;
				MTL_FAST_MATH = YES;
				ONLY_ACTIVE_ARCH = YES;
				SDKROOT = iphoneos;
				SWIFT_ACTIVE_COMPILATION_CONDITIONS = DEBUG;
				SWIFT_OPTIMIZATION_LEVEL = "-Onone";
			};
			name = Debug;
		};
		4296E3AC243D71D70058B451 /* Release */ = {
			isa = XCBuildConfiguration;
			buildSettings = {
				ALWAYS_SEARCH_USER_PATHS = NO;
				CLANG_ANALYZER_NONNULL = YES;
				CLANG_ANALYZER_NUMBER_OBJECT_CONVERSION = YES_AGGRESSIVE;
				CLANG_CXX_LANGUAGE_STANDARD = "gnu++14";
				CLANG_CXX_LIBRARY = "libc++";
				CLANG_ENABLE_MODULES = YES;
				CLANG_ENABLE_OBJC_ARC = YES;
				CLANG_ENABLE_OBJC_WEAK = YES;
				CLANG_WARN_BLOCK_CAPTURE_AUTORELEASING = YES;
				CLANG_WARN_BOOL_CONVERSION = YES;
				CLANG_WARN_COMMA = YES;
				CLANG_WARN_CONSTANT_CONVERSION = YES;
				CLANG_WARN_DEPRECATED_OBJC_IMPLEMENTATIONS = YES;
				CLANG_WARN_DIRECT_OBJC_ISA_USAGE = YES_ERROR;
				CLANG_WARN_DOCUMENTATION_COMMENTS = YES;
				CLANG_WARN_EMPTY_BODY = YES;
				CLANG_WARN_ENUM_CONVERSION = YES;
				CLANG_WARN_INFINITE_RECURSION = YES;
				CLANG_WARN_INT_CONVERSION = YES;
				CLANG_WARN_NON_LITERAL_NULL_CONVERSION = YES;
				CLANG_WARN_OBJC_IMPLICIT_RETAIN_SELF = YES;
				CLANG_WARN_OBJC_LITERAL_CONVERSION = YES;
				CLANG_WARN_OBJC_ROOT_CLASS = YES_ERROR;
				CLANG_WARN_RANGE_LOOP_ANALYSIS = YES;
				CLANG_WARN_STRICT_PROTOTYPES = YES;
				CLANG_WARN_SUSPICIOUS_MOVE = YES;
				CLANG_WARN_UNGUARDED_AVAILABILITY = YES_AGGRESSIVE;
				CLANG_WARN_UNREACHABLE_CODE = YES;
				CLANG_WARN__DUPLICATE_METHOD_MATCH = YES;
				COPY_PHASE_STRIP = NO;
				DEBUG_INFORMATION_FORMAT = "dwarf-with-dsym";
				ENABLE_NS_ASSERTIONS = NO;
				ENABLE_STRICT_OBJC_MSGSEND = YES;
				GCC_C_LANGUAGE_STANDARD = gnu11;
				GCC_NO_COMMON_BLOCKS = YES;
				GCC_WARN_64_TO_32_BIT_CONVERSION = YES;
				GCC_WARN_ABOUT_RETURN_TYPE = YES_ERROR;
				GCC_WARN_UNDECLARED_SELECTOR = YES;
				GCC_WARN_UNINITIALIZED_AUTOS = YES_AGGRESSIVE;
				GCC_WARN_UNUSED_FUNCTION = YES;
				GCC_WARN_UNUSED_VARIABLE = YES;
				IPHONEOS_DEPLOYMENT_TARGET = 13.2;
				MTL_ENABLE_DEBUG_INFO = NO;
				MTL_FAST_MATH = YES;
				SDKROOT = iphoneos;
				SWIFT_COMPILATION_MODE = wholemodule;
				SWIFT_OPTIMIZATION_LEVEL = "-O";
				VALIDATE_PRODUCT = YES;
			};
			name = Release;
		};
		4296E3AE243D71D70058B451 /* Debug */ = {
			isa = XCBuildConfiguration;
			baseConfigurationReference = A4C39306D01989FB33AF7285 /* Pods-ScoreSender.debug.xcconfig */;
			buildSettings = {
				ASSETCATALOG_COMPILER_APPICON_NAME = AppIcon;
				CODE_SIGN_STYLE = Automatic;
				DEVELOPMENT_ASSET_PATHS = "";
				ENABLE_PREVIEWS = YES;
				INFOPLIST_FILE = ScoreSender/Info.plist;
				LD_RUNPATH_SEARCH_PATHS = (
					"$(inherited)",
					"@executable_path/Frameworks",
				);
				PRODUCT_BUNDLE_IDENTIFIER = com.briceredmond.ScoreSender;
				PRODUCT_NAME = "$(TARGET_NAME)";
				SWIFT_VERSION = 5.0;
				TARGETED_DEVICE_FAMILY = "1,2";
			};
			name = Debug;
		};
		4296E3AF243D71D70058B451 /* Release */ = {
			isa = XCBuildConfiguration;
			baseConfigurationReference = E78F2E1B415C3362FBF42C8C /* Pods-ScoreSender.release.xcconfig */;
			buildSettings = {
				ASSETCATALOG_COMPILER_APPICON_NAME = AppIcon;
				CODE_SIGN_STYLE = Automatic;
				DEVELOPMENT_ASSET_PATHS = "";
				ENABLE_PREVIEWS = YES;
				INFOPLIST_FILE = ScoreSender/Info.plist;
				LD_RUNPATH_SEARCH_PATHS = (
					"$(inherited)",
					"@executable_path/Frameworks",
				);
				PRODUCT_BUNDLE_IDENTIFIER = com.briceredmond.ScoreSender;
				PRODUCT_NAME = "$(TARGET_NAME)";
				SWIFT_VERSION = 5.0;
				TARGETED_DEVICE_FAMILY = "1,2";
			};
			name = Release;
		};
		4296E3B1243D71D70058B451 /* Debug */ = {
			isa = XCBuildConfiguration;
			baseConfigurationReference = 74E1A7B0CE971596BBC2DFF2 /* Pods-ScoreSenderTests.debug.xcconfig */;
			buildSettings = {
				ALWAYS_EMBED_SWIFT_STANDARD_LIBRARIES = YES;
				BUNDLE_LOADER = "$(TEST_HOST)";
				CODE_SIGN_STYLE = Automatic;
				INFOPLIST_FILE = ScoreSenderTests/Info.plist;
				IPHONEOS_DEPLOYMENT_TARGET = 13.2;
				LD_RUNPATH_SEARCH_PATHS = (
					"$(inherited)",
					"@executable_path/Frameworks",
					"@loader_path/Frameworks",
				);
				PRODUCT_BUNDLE_IDENTIFIER = com.briceredmond.ScoreSender.ScoreSenderTests;
				PRODUCT_NAME = "$(TARGET_NAME)";
				SWIFT_VERSION = 5.0;
				TARGETED_DEVICE_FAMILY = "1,2";
				TEST_HOST = "$(BUILT_PRODUCTS_DIR)/ScoreSender.app/ScoreSender";
			};
			name = Debug;
		};
		4296E3B2243D71D70058B451 /* Release */ = {
			isa = XCBuildConfiguration;
			baseConfigurationReference = BEB92339C7148CB5064ECB47 /* Pods-ScoreSenderTests.release.xcconfig */;
			buildSettings = {
				ALWAYS_EMBED_SWIFT_STANDARD_LIBRARIES = YES;
				BUNDLE_LOADER = "$(TEST_HOST)";
				CODE_SIGN_STYLE = Automatic;
				INFOPLIST_FILE = ScoreSenderTests/Info.plist;
				IPHONEOS_DEPLOYMENT_TARGET = 13.2;
				LD_RUNPATH_SEARCH_PATHS = (
					"$(inherited)",
					"@executable_path/Frameworks",
					"@loader_path/Frameworks",
				);
				PRODUCT_BUNDLE_IDENTIFIER = com.briceredmond.ScoreSender.ScoreSenderTests;
				PRODUCT_NAME = "$(TARGET_NAME)";
				SWIFT_VERSION = 5.0;
				TARGETED_DEVICE_FAMILY = "1,2";
				TEST_HOST = "$(BUILT_PRODUCTS_DIR)/ScoreSender.app/ScoreSender";
			};
			name = Release;
		};
		4296E3B4243D71D70058B451 /* Debug */ = {
			isa = XCBuildConfiguration;
			baseConfigurationReference = C63F8549584533C32D16162E /* Pods-ScoreSender-ScoreSenderUITests.debug.xcconfig */;
			buildSettings = {
				ALWAYS_EMBED_SWIFT_STANDARD_LIBRARIES = YES;
				CODE_SIGN_STYLE = Automatic;
				INFOPLIST_FILE = ScoreSenderUITests/Info.plist;
				LD_RUNPATH_SEARCH_PATHS = (
					"$(inherited)",
					"@executable_path/Frameworks",
					"@loader_path/Frameworks",
				);
				PRODUCT_BUNDLE_IDENTIFIER = com.briceredmond.ScoreSender.ScoreSenderUITests;
				PRODUCT_NAME = "$(TARGET_NAME)";
				SWIFT_VERSION = 5.0;
				TARGETED_DEVICE_FAMILY = "1,2";
				TEST_TARGET_NAME = ScoreSender;
			};
			name = Debug;
		};
		4296E3B5243D71D70058B451 /* Release */ = {
			isa = XCBuildConfiguration;
			baseConfigurationReference = A4A2919C131512D969D00D98 /* Pods-ScoreSender-ScoreSenderUITests.release.xcconfig */;
			buildSettings = {
				ALWAYS_EMBED_SWIFT_STANDARD_LIBRARIES = YES;
				CODE_SIGN_STYLE = Automatic;
				INFOPLIST_FILE = ScoreSenderUITests/Info.plist;
				LD_RUNPATH_SEARCH_PATHS = (
					"$(inherited)",
					"@executable_path/Frameworks",
					"@loader_path/Frameworks",
				);
				PRODUCT_BUNDLE_IDENTIFIER = com.briceredmond.ScoreSender.ScoreSenderUITests;
				PRODUCT_NAME = "$(TARGET_NAME)";
				SWIFT_VERSION = 5.0;
				TARGETED_DEVICE_FAMILY = "1,2";
				TEST_TARGET_NAME = ScoreSender;
			};
			name = Release;
		};
/* End XCBuildConfiguration section */

/* Begin XCConfigurationList section */
		4296E37E243D71D60058B451 /* Build configuration list for PBXProject "ScoreSender" */ = {
			isa = XCConfigurationList;
			buildConfigurations = (
				4296E3AB243D71D70058B451 /* Debug */,
				4296E3AC243D71D70058B451 /* Release */,
			);
			defaultConfigurationIsVisible = 0;
			defaultConfigurationName = Release;
		};
		4296E3AD243D71D70058B451 /* Build configuration list for PBXNativeTarget "ScoreSender" */ = {
			isa = XCConfigurationList;
			buildConfigurations = (
				4296E3AE243D71D70058B451 /* Debug */,
				4296E3AF243D71D70058B451 /* Release */,
			);
			defaultConfigurationIsVisible = 0;
			defaultConfigurationName = Release;
		};
		4296E3B0243D71D70058B451 /* Build configuration list for PBXNativeTarget "ScoreSenderTests" */ = {
			isa = XCConfigurationList;
			buildConfigurations = (
				4296E3B1243D71D70058B451 /* Debug */,
				4296E3B2243D71D70058B451 /* Release */,
			);
			defaultConfigurationIsVisible = 0;
			defaultConfigurationName = Release;
		};
		4296E3B3243D71D70058B451 /* Build configuration list for PBXNativeTarget "ScoreSenderUITests" */ = {
			isa = XCConfigurationList;
			buildConfigurations = (
				4296E3B4243D71D70058B451 /* Debug */,
				4296E3B5243D71D70058B451 /* Release */,
			);
			defaultConfigurationIsVisible = 0;
			defaultConfigurationName = Release;
		};
/* End XCConfigurationList section */
	};
	rootObject = 4296E37B243D71D60058B451 /* Project object */;
}
